
Microsoft Visual Studio Solution File, Format Version 12.00
# Visual Studio Version 16
VisualStudioVersion = 16.0.31424.327
MinimumVisualStudioVersion = 10.0.40219.1
Project("{9A19103F-16F7-4668-BE54-9A1E7A4F7556}") = "BlazorBingo", "BlazorBingo\BlazorBingo.csproj", "{709D868F-2082-4D4A-95D9-3E40F29D0398}"
EndProject
Project("{9A19103F-16F7-4668-BE54-9A1E7A4F7556}") = "Bingo.Common", "Bingo.Common\Bingo.Common\Bingo.Common.csproj", "{05C0F42D-39C9-4103-90A2-07217D8CDBBB}"
EndProject
Project("{FAE04EC0-301F-11D3-BF4B-00C04F79EFBC}") = "Bingo.API", "Bingo.API\Bingo.API.csproj", "{5FE50BF5-6964-4D33-B466-E69EA9604B6B}"
EndProject
Global
	GlobalSection(SolutionConfigurationPlatforms) = preSolution
		Debug|Any CPU = Debug|Any CPU
		Release|Any CPU = Release|Any CPU
	EndGlobalSection
	GlobalSection(ProjectConfigurationPlatforms) = postSolution
		{709D868F-2082-4D4A-95D9-3E40F29D0398}.Debug|Any CPU.ActiveCfg = Debug|Any CPU
		{709D868F-2082-4D4A-95D9-3E40F29D0398}.Debug|Any CPU.Build.0 = Debug|Any CPU
		{709D868F-2082-4D4A-95D9-3E40F29D0398}.Release|Any CPU.ActiveCfg = Release|Any CPU
		{709D868F-2082-4D4A-95D9-3E40F29D0398}.Release|Any CPU.Build.0 = Release|Any CPU
		{05C0F42D-39C9-4103-90A2-07217D8CDBBB}.Debug|Any CPU.ActiveCfg = Debug|Any CPU
		{05C0F42D-39C9-4103-90A2-07217D8CDBBB}.Debug|Any CPU.Build.0 = Debug|Any CPU
		{05C0F42D-39C9-4103-90A2-07217D8CDBBB}.Release|Any CPU.ActiveCfg = Release|Any CPU
		{05C0F42D-39C9-4103-90A2-07217D8CDBBB}.Release|Any CPU.Build.0 = Release|Any CPU
		{5FE50BF5-6964-4D33-B466-E69EA9604B6B}.Debug|Any CPU.ActiveCfg = Debug|Any CPU
		{5FE50BF5-6964-4D33-B466-E69EA9604B6B}.Debug|Any CPU.Build.0 = Debug|Any CPU
		{5FE50BF5-6964-4D33-B466-E69EA9604B6B}.Release|Any CPU.ActiveCfg = Release|Any CPU
		{5FE50BF5-6964-4D33-B466-E69EA9604B6B}.Release|Any CPU.Build.0 = Release|Any CPU
	EndGlobalSection
	GlobalSection(SolutionProperties) = preSolution
		HideSolutionNode = FALSE
	EndGlobalSection
	GlobalSection(ExtensibilityGlobals) = postSolution
		SolutionGuid = {3B311B4C-906E-47BE-B690-B7826DFBB576}
	EndGlobalSection
EndGlobal
